
Microsoft Visual Studio Solution File, Format Version 12.00
# Visual Studio Version 16
VisualStudioVersion = 16.0.31005.135
MinimumVisualStudioVersion = 10.0.40219.1
Project("{9A19103F-16F7-4668-BE54-9A1E7A4F7556}") = "Octetus.ConsultasDgii.Tests", "Octetus.ConsultasDgii.Tests\Octetus.ConsultasDgii.Tests.csproj", "{2F0E75B6-C2C3-4206-8EB5-E219421A4A77}"
EndProject
Project("{9A19103F-16F7-4668-BE54-9A1E7A4F7556}") = "Octetus.ConsultasDgii.WebAPI", "Octetus.ConsultasDgii.WebAPI\Octetus.ConsultasDgii.WebAPI.csproj", "{E5410489-1AEE-4A7A-8D88-56110E348D3B}"
EndProject
Project("{9A19103F-16F7-4668-BE54-9A1E7A4F7556}") = "Octetus.ConsultasDgii", "Octetus.ConsultasDgii\Octetus.ConsultasDgii.csproj", "{D297208D-06FB-4B7B-A02D-F425EA977FD3}"
EndProject
Global
	GlobalSection(SolutionConfigurationPlatforms) = preSolution
		Debug|Any CPU = Debug|Any CPU
		Release|Any CPU = Release|Any CPU
	EndGlobalSection
	GlobalSection(ProjectConfigurationPlatforms) = postSolution
		{2F0E75B6-C2C3-4206-8EB5-E219421A4A77}.Debug|Any CPU.ActiveCfg = Debug|Any CPU
		{2F0E75B6-C2C3-4206-8EB5-E219421A4A77}.Debug|Any CPU.Build.0 = Debug|Any CPU
		{2F0E75B6-C2C3-4206-8EB5-E219421A4A77}.Release|Any CPU.ActiveCfg = Release|Any CPU
		{2F0E75B6-C2C3-4206-8EB5-E219421A4A77}.Release|Any CPU.Build.0 = Release|Any CPU
		{E5410489-1AEE-4A7A-8D88-56110E348D3B}.Debug|Any CPU.ActiveCfg = Debug|Any CPU
		{E5410489-1AEE-4A7A-8D88-56110E348D3B}.Debug|Any CPU.Build.0 = Debug|Any CPU
		{E5410489-1AEE-4A7A-8D88-56110E348D3B}.Release|Any CPU.ActiveCfg = Release|Any CPU
		{E5410489-1AEE-4A7A-8D88-56110E348D3B}.Release|Any CPU.Build.0 = Release|Any CPU
		{D297208D-06FB-4B7B-A02D-F425EA977FD3}.Debug|Any CPU.ActiveCfg = Debug|Any CPU
		{D297208D-06FB-4B7B-A02D-F425EA977FD3}.Debug|Any CPU.Build.0 = Debug|Any CPU
		{D297208D-06FB-4B7B-A02D-F425EA977FD3}.Release|Any CPU.ActiveCfg = Release|Any CPU
		{D297208D-06FB-4B7B-A02D-F425EA977FD3}.Release|Any CPU.Build.0 = Release|Any CPU
	EndGlobalSection
	GlobalSection(SolutionProperties) = preSolution
		HideSolutionNode = FALSE
	EndGlobalSection
	GlobalSection(ExtensibilityGlobals) = postSolution
		SolutionGuid = {74D9B404-3876-47C1-BE7A-EB9468C46392}
	EndGlobalSection
EndGlobal
