
Microsoft Visual Studio Solution File, Format Version 12.00
# Visual Studio 15
VisualStudioVersion = 15.0.28307.1145
MinimumVisualStudioVersion = 10.0.40219.1
Project("{FAE04EC0-301F-11D3-BF4B-00C04F79EFBC}") = "Octetus.ConsultasDgii.Core", "Octetus.ConsultasDgii.Core\Octetus.ConsultasDgii.Core.csproj", "{3C605FB1-1E0C-4B82-9DBE-54B36BB05CA6}"
EndProject
Project("{9A19103F-16F7-4668-BE54-9A1E7A4F7556}") = "Octetus.ConsultasDgii.Scraping", "Octetus.ConsultasDgii.Scraping\Octetus.ConsultasDgii.Scraping.csproj", "{45768284-1775-4EAE-81DE-D5C7B5AFD30B}"
EndProject
Project("{FAE04EC0-301F-11D3-BF4B-00C04F79EFBC}") = "Octetus.ConsultasDgii.Tests", "Octetus.ConsultasDgii.Tests\Octetus.ConsultasDgii.Tests.csproj", "{2F0E75B6-C2C3-4206-8EB5-E219421A4A77}"
EndProject
Global
	GlobalSection(SolutionConfigurationPlatforms) = preSolution
		Debug|Any CPU = Debug|Any CPU
		Release|Any CPU = Release|Any CPU
	EndGlobalSection
	GlobalSection(ProjectConfigurationPlatforms) = postSolution
		{3C605FB1-1E0C-4B82-9DBE-54B36BB05CA6}.Debug|Any CPU.ActiveCfg = Debug|Any CPU
		{3C605FB1-1E0C-4B82-9DBE-54B36BB05CA6}.Debug|Any CPU.Build.0 = Debug|Any CPU
		{3C605FB1-1E0C-4B82-9DBE-54B36BB05CA6}.Release|Any CPU.ActiveCfg = Release|Any CPU
		{3C605FB1-1E0C-4B82-9DBE-54B36BB05CA6}.Release|Any CPU.Build.0 = Release|Any CPU
		{45768284-1775-4EAE-81DE-D5C7B5AFD30B}.Debug|Any CPU.ActiveCfg = Debug|Any CPU
		{45768284-1775-4EAE-81DE-D5C7B5AFD30B}.Debug|Any CPU.Build.0 = Debug|Any CPU
		{45768284-1775-4EAE-81DE-D5C7B5AFD30B}.Release|Any CPU.ActiveCfg = Release|Any CPU
		{45768284-1775-4EAE-81DE-D5C7B5AFD30B}.Release|Any CPU.Build.0 = Release|Any CPU
		{2F0E75B6-C2C3-4206-8EB5-E219421A4A77}.Debug|Any CPU.ActiveCfg = Debug|Any CPU
		{2F0E75B6-C2C3-4206-8EB5-E219421A4A77}.Debug|Any CPU.Build.0 = Debug|Any CPU
		{2F0E75B6-C2C3-4206-8EB5-E219421A4A77}.Release|Any CPU.ActiveCfg = Release|Any CPU
		{2F0E75B6-C2C3-4206-8EB5-E219421A4A77}.Release|Any CPU.Build.0 = Release|Any CPU
	EndGlobalSection
	GlobalSection(SolutionProperties) = preSolution
		HideSolutionNode = FALSE
	EndGlobalSection
	GlobalSection(ExtensibilityGlobals) = postSolution
		SolutionGuid = {74D9B404-3876-47C1-BE7A-EB9468C46392}
	EndGlobalSection
EndGlobal
